<?xml version="1.0" encoding="utf-8"?>
<Project ToolsVersion="4.0" xmlns="http://schemas.microsoft.com/developer/msbuild/2003">
  <ItemGroup>
    <Filter Include="Source Files">
      <UniqueIdentifier>{85843f51-e5e2-4c9e-a613-6c5f38583034}</UniqueIdentifier>
      <Extensions>cpp;c;cxx;def;odl;idl;hpj;bat;asm</Extensions>
    </Filter>
    <Filter Include="Header Files">
      <UniqueIdentifier>{24b48184-443d-4fe6-9758-f46f905fdb1f}</UniqueIdentifier>
      <Extensions>h;hpp;hxx;hm;inl;inc</Extensions>
    </Filter>
    <Filter Include="Resource Files">
      <UniqueIdentifier>{1d6be587-7982-4144-b449-6c350f49bd0a}</UniqueIdentifier>
      <Extensions>rc;ico;cur;bmp;dlg;rc2;rct;bin;rgs;jpg;jpeg;jpe;manifest</Extensions>
    </Filter>
  </ItemGroup>
  <ItemGroup>
    <ClCompile Include="_GrBitmap.cpp">
      <Filter>Source Files</Filter>
    </ClCompile>
    <ClCompile Include="AboutDlg.cpp">
      <Filter>Source Files</Filter>
    </ClCompile>
    <ClCompile Include="AcqTrigDlg.cpp">
      <Filter>Source Files</Filter>
    </ClCompile>
    <ClCompile Include="ActD.cpp">
      <Filter>Source Files</Filter>
    </ClCompile>
    <ClCompile Include="ActDView.cpp">
      <Filter>Source Files</Filter>
    </ClCompile>
    <ClCompile Include="BiPolDlg.cpp">
      <Filter>Source Files</Filter>
    </ClCompile>
    <ClCompile Include="ColorsPage.cpp">
      <Filter>Source Files</Filter>
    </ClCompile>
    <ClCompile Include="DataFile.cpp">
      <Filter>Source Files</Filter>
    </ClCompile>
    <ClCompile Include="DataWin.cpp">
      <Filter>Source Files</Filter>
    </ClCompile>
    <ClCompile Include="DizStatusBar.cpp">
      <Filter>Source Files</Filter>
    </ClCompile>
    <ClCompile Include="DlgView.cpp">
      <Filter>Source Files</Filter>
    </ClCompile>
    <ClCompile Include="GrThread.cpp">
      <Filter>Source Files</Filter>
    </ClCompile>
    <ClCompile Include="HardDlg.cpp">
      <Filter>Source Files</Filter>
    </ClCompile>
    <ClCompile Include="HdrDlg.cpp">
      <Filter>Source Files</Filter>
    </ClCompile>
    <ClCompile Include="InfoPanel.cpp">
      <Filter>Source Files</Filter>
    </ClCompile>
    <ClCompile Include="ListPanel.cpp">
      <Filter>Source Files</Filter>
    </ClCompile>
    <ClCompile Include="MainFrm.cpp">
      <Filter>Source Files</Filter>
    </ClCompile>
    <ClCompile Include="MapDlg.cpp">
      <Filter>Source Files</Filter>
    </ClCompile>
    <ClCompile Include="OffColPage.cpp">
      <Filter>Source Files</Filter>
    </ClCompile>
    <ClCompile Include="ProgSetPage.cpp">
      <Filter>Source Files</Filter>
    </ClCompile>
    <ClCompile Include="SettSheet.cpp">
      <Filter>Source Files</Filter>
    </ClCompile>
    <ClCompile Include="SpEdit.cpp">
      <Filter>Source Files</Filter>
    </ClCompile>
    <ClCompile Include="StatMap.cpp">
      <Filter>Source Files</Filter>
    </ClCompile>
    <ClCompile Include="stdafx.cpp">
      <Filter>Source Files</Filter>
    </ClCompile>
    <ClCompile Include="TrigViewDlg.cpp">
      <Filter>Source Files</Filter>
    </ClCompile>
    <ClCompile Include="ViewSettDlg.cpp">
      <Filter>Source Files</Filter>
    </ClCompile>
  </ItemGroup>
  <ItemGroup>
    <ClInclude Include="_GrBitmap.h">
      <Filter>Header Files</Filter>
    </ClInclude>
    <ClInclude Include="AboutDlg.h">
      <Filter>Header Files</Filter>
    </ClInclude>
    <ClInclude Include="AcqTrigDlg.h">
      <Filter>Header Files</Filter>
    </ClInclude>
    <ClInclude Include="ActD.h">
      <Filter>Header Files</Filter>
    </ClInclude>
    <ClInclude Include="ActDView.h">
      <Filter>Header Files</Filter>
    </ClInclude>
    <ClInclude Include="BiPolDlg.h">
      <Filter>Header Files</Filter>
    </ClInclude>
    <ClInclude Include="ColorsPage.h">
      <Filter>Header Files</Filter>
    </ClInclude>
    <ClInclude Include="DataFile.h">
      <Filter>Header Files</Filter>
    </ClInclude>
    <ClInclude Include="DataWin.h">
      <Filter>Header Files</Filter>
    </ClInclude>
    <ClInclude Include="DizStatusBar.h">
      <Filter>Header Files</Filter>
    </ClInclude>
    <ClInclude Include="DlgView.h">
      <Filter>Header Files</Filter>
    </ClInclude>
    <ClInclude Include="GrThread.h">
      <Filter>Header Files</Filter>
    </ClInclude>
    <ClInclude Include="HardDlg.h">
      <Filter>Header Files</Filter>
    </ClInclude>
    <ClInclude Include="HdrDlg.h">
      <Filter>Header Files</Filter>
    </ClInclude>
    <ClInclude Include="InfoPanel.h">
      <Filter>Header Files</Filter>
    </ClInclude>
    <ClInclude Include="ListPanel.h">
      <Filter>Header Files</Filter>
    </ClInclude>
    <ClInclude Include="MainFrm.h">
      <Filter>Header Files</Filter>
    </ClInclude>
    <ClInclude Include="MapDlg.h">
      <Filter>Header Files</Filter>
    </ClInclude>
    <ClInclude Include="OffColPage.h">
      <Filter>Header Files</Filter>
    </ClInclude>
    <ClInclude Include="ProgSetPage.h">
      <Filter>Header Files</Filter>
    </ClInclude>
    <ClInclude Include="resource.h">
      <Filter>Header Files</Filter>
    </ClInclude>
    <ClInclude Include="SettSheet.h">
      <Filter>Header Files</Filter>
    </ClInclude>
    <ClInclude Include="SmartPtr.h">
      <Filter>Header Files</Filter>
    </ClInclude>
    <ClInclude Include="SpEdit.h">
      <Filter>Header Files</Filter>
    </ClInclude>
    <ClInclude Include="StatMap.h">
      <Filter>Header Files</Filter>
    </ClInclude>
    <ClInclude Include="stdafx.h">
      <Filter>Header Files</Filter>
    </ClInclude>
    <ClInclude Include="TrigViewDlg.h">
      <Filter>Header Files</Filter>
    </ClInclude>
    <ClInclude Include="ViewSettDlg.h">
      <Filter>Header Files</Filter>
    </ClInclude>
  </ItemGroup>
  <ItemGroup>
    <None Include="resource.hm">
      <Filter>Header Files</Filter>
    </None>
    <None Include="history.htm" />
  </ItemGroup>
  <ItemGroup>
    <Image Include="res\ActD.ico">
      <Filter>Resource Files</Filter>
    </Image>
    <Image Include="res\ArrowIn.bmp">
      <Filter>Resource Files</Filter>
    </Image>
    <Image Include="res\ArrowOut.bmp">
      <Filter>Resource Files</Filter>
    </Image>
    <Image Include="res\load.bmp">
      <Filter>Resource Files</Filter>
    </Image>
    <Image Include="res\LOCK.bmp">
      <Filter>Resource Files</Filter>
    </Image>
    <Image Include="res\LOCK1.bmp">
      <Filter>Resource Files</Filter>
    </Image>
    <Image Include="res\Osc.ico">
      <Filter>Resource Files</Filter>
    </Image>
    <Image Include="res\save.bmp">
      <Filter>Resource Files</Filter>
    </Image>
    <Image Include="res\Snap.ico">
      <Filter>Resource Files</Filter>
    </Image>
    <Image Include="res\toolbar.bmp">
      <Filter>Resource Files</Filter>
    </Image>
    <Image Include="res\toolbar1.bmp">
      <Filter>Resource Files</Filter>
    </Image>
    <Image Include="res\Tools.bmp">
      <Filter>Resource Files</Filter>
    </Image>
    <Image Include="res\unlock.bmp">
      <Filter>Resource Files</Filter>
    </Image>
  </ItemGroup>
  <ItemGroup>
    <ResourceCompile Include="ActD.rc">
      <Filter>Resource Files</Filter>
    </ResourceCompile>
  </ItemGroup>
  <ItemGroup>
    <CustomBuild Include="res\ActD.exe.manifest">
      <Filter>Resource Files</Filter>
    </CustomBuild>
  </ItemGroup>
</Project>